
Microsoft Visual Studio Solution File, Format Version 12.00
# Visual Studio Version 17
VisualStudioVersion = 17.0.32112.339
MinimumVisualStudioVersion = 10.0.40219.1
Project("{FAE04EC0-301F-11D3-BF4B-00C04F79EFBC}") = "SimpleDataApp", "SimpleDataApp.csproj", "{A7A1819C-D9E4-4140-B77B-6B3885E11A4E}"
EndProject
Global
	GlobalSection(SolutionConfigurationPlatforms) = preSolution
		Debug|Any CPU = Debug|Any CPU
		Release|Any CPU = Release|Any CPU
	EndGlobalSection
	GlobalSection(ProjectConfigurationPlatforms) = postSolution
		{A7A1819C-D9E4-4140-B77B-6B3885E11A4E}.Debug|Any CPU.ActiveCfg = Debug|Any CPU
		{A7A1819C-D9E4-4140-B77B-6B3885E11A4E}.Debug|Any CPU.Build.0 = Debug|Any CPU
		{A7A1819C-D9E4-4140-B77B-6B3885E11A4E}.Release|Any CPU.ActiveCfg = Release|Any CPU
		{A7A1819C-D9E4-4140-B77B-6B3885E11A4E}.Release|Any CPU.Build.0 = Release|Any CPU
	EndGlobalSection
	GlobalSection(SolutionProperties) = preSolution
		HideSolutionNode = FALSE
	EndGlobalSection
	GlobalSection(ExtensibilityGlobals) = postSolution
		SolutionGuid = {032A6026-42DD-4F4C-86C7-6177FD91CE63}
	EndGlobalSection
EndGlobal
